
Microsoft Visual Studio Solution File, Format Version 12.00
# Visual Studio Version 17
VisualStudioVersion = 17.9.34616.47
MinimumVisualStudioVersion = 10.0.40219.1
Project("{FAE04EC0-301F-11D3-BF4B-00C04F79EFBC}") = "RegressionAlgorithm", "RegressionAlgorithm\RegressionAlgorithm.csproj", "{01791755-BBDD-49A0-AEE5-55147690E573}"
EndProject
Global
	GlobalSection(SolutionConfigurationPlatforms) = preSolution
		Debug|Any CPU = Debug|Any CPU
		Release|Any CPU = Release|Any CPU
	EndGlobalSection
	GlobalSection(ProjectConfigurationPlatforms) = postSolution
		{01791755-BBDD-49A0-AEE5-55147690E573}.Debug|Any CPU.ActiveCfg = Debug|Any CPU
		{01791755-BBDD-49A0-AEE5-55147690E573}.Debug|Any CPU.Build.0 = Debug|Any CPU
		{01791755-BBDD-49A0-AEE5-55147690E573}.Release|Any CPU.ActiveCfg = Release|Any CPU
		{01791755-BBDD-49A0-AEE5-55147690E573}.Release|Any CPU.Build.0 = Release|Any CPU
	EndGlobalSection
	GlobalSection(SolutionProperties) = preSolution
		HideSolutionNode = FALSE
	EndGlobalSection
	GlobalSection(ExtensibilityGlobals) = postSolution
		SolutionGuid = {59FD2ABC-970F-4DCD-BD09-17C4DE092357}
	EndGlobalSection
EndGlobal
